// !$*UTF8*$!
{
	archiveVersion = 1;
	classes = {
	};
	objectVersion = 48;
	objects = {

/* Begin PBXBuildFile section */
		44862F051FF8AC5200C268E9 /* AppDelegate.swift in Sources */ = {isa = PBXBuildFile; fileRef = 44862F041FF8AC5200C268E9 /* AppDelegate.swift */; };
		44862F071FF8AC5200C268E9 /* ViewController.swift in Sources */ = {isa = PBXBuildFile; fileRef = 44862F061FF8AC5200C268E9 /* ViewController.swift */; };
		44862F0C1FF8AC5200C268E9 /* Assets.xcassets in Resources */ = {isa = PBXBuildFile; fileRef = 44862F0B1FF8AC5200C268E9 /* Assets.xcassets */; };
		44862F0F1FF8AC5200C268E9 /* LaunchScreen.storyboard in Resources */ = {isa = PBXBuildFile; fileRef = 44862F0D1FF8AC5200C268E9 /* LaunchScreen.storyboard */; };
		44862F1A1FF8AC5200C268E9 /* QnD_xibTests.swift in Sources */ = {isa = PBXBuildFile; fileRef = 44862F191FF8AC5200C268E9 /* QnD_xibTests.swift */; };
		44862F251FF8AC5300C268E9 /* QnD_xibUITests.swift in Sources */ = {isa = PBXBuildFile; fileRef = 44862F241FF8AC5300C268E9 /* QnD_xibUITests.swift */; };
		44862F341FF8AC7000C268E9 /* firstViewController.swift in Sources */ = {isa = PBXBuildFile; fileRef = 44862F321FF8AC7000C268E9 /* firstViewController.swift */; };
		44862F351FF8AC7000C268E9 /* firstViewController.xib in Resources */ = {isa = PBXBuildFile; fileRef = 44862F331FF8AC7000C268E9 /* firstViewController.xib */; };
/* End PBXBuildFile section */

/* Begin PBXContainerItemProxy section */
		44862F161FF8AC5200C268E9 /* PBXContainerItemProxy */ = {
			isa = PBXContainerItemProxy;
			containerPortal = 44862EF91FF8AC5200C268E9 /* Project object */;
			proxyType = 1;
			remoteGlobalIDString = 44862F001FF8AC5200C268E9;
			remoteInfo = QnD_xib;
		};
		44862F211FF8AC5300C268E9 /* PBXContainerItemProxy */ = {
			isa = PBXContainerItemProxy;
			containerPortal = 44862EF91FF8AC5200C268E9 /* Project object */;
			proxyType = 1;
			remoteGlobalIDString = 44862F001FF8AC5200C268E9;
			remoteInfo = QnD_xib;
		};
/* End PBXContainerItemProxy section */

/* Begin PBXFileReference section */
		44862F011FF8AC5200C268E9 /* QnD_xib.app */ = {isa = PBXFileReference; explicitFileType = wrapper.application; includeInIndex = 0; path = QnD_xib.app; sourceTree = BUILT_PRODUCTS_DIR; };
		44862F041FF8AC5200C268E9 /* AppDelegate.swift */ = {isa = PBXFileReference; lastKnownFileType = sourcecode.swift; path = AppDelegate.swift; sourceTree = "<group>"; };
		44862F061FF8AC5200C268E9 /* ViewController.swift */ = {isa = PBXFileReference; lastKnownFileType = sourcecode.swift; path = ViewController.swift; sourceTree = "<group>"; };
		44862F0B1FF8AC5200C268E9 /* Assets.xcassets */ = {isa = PBXFileReference; lastKnownFileType = folder.assetcatalog; path = Assets.xcassets; sourceTree = "<group>"; };
		44862F0E1FF8AC5200C268E9 /* Base */ = {isa = PBXFileReference; lastKnownFileType = file.storyboard; name = Base; path = Base.lproj/LaunchScreen.storyboard; sourceTree = "<group>"; };
		44862F101FF8AC5200C268E9 /* Info.plist */ = {isa = PBXFileReference; lastKnownFileType = text.plist.xml; path = Info.plist; sourceTree = "<group>"; };
		44862F151FF8AC5200C268E9 /* QnD_xibTests.xctest */ = {isa = PBXFileReference; explicitFileType = wrapper.cfbundle; includeInIndex = 0; path = QnD_xibTests.xctest; sourceTree = BUILT_PRODUCTS_DIR; };
		44862F191FF8AC5200C268E9 /* QnD_xibTests.swift */ = {isa = PBXFileReference; lastKnownFileType = sourcecode.swift; path = QnD_xibTests.swift; sourceTree = "<group>"; };
		44862F1B1FF8AC5200C268E9 /* Info.plist */ = {isa = PBXFileReference; lastKnownFileType = text.plist.xml; path = Info.plist; sourceTree = "<group>"; };
		44862F201FF8AC5300C268E9 /* QnD_xibUITests.xctest */ = {isa = PBXFileReference; explicitFileType = wrapper.cfbundle; includeInIndex = 0; path = QnD_xibUITests.xctest; sourceTree = BUILT_PRODUCTS_DIR; };
		44862F241FF8AC5300C268E9 /* QnD_xibUITests.swift */ = {isa = PBXFileReference; lastKnownFileType = sourcecode.swift; path = QnD_xibUITests.swift; sourceTree = "<group>"; };
		44862F261FF8AC5300C268E9 /* Info.plist */ = {isa = PBXFileReference; lastKnownFileType = text.plist.xml; path = Info.plist; sourceTree = "<group>"; };
		44862F321FF8AC7000C268E9 /* firstViewController.swift */ = {isa = PBXFileReference; lastKnownFileType = sourcecode.swift; path = firstViewController.swift; sourceTree = "<group>"; };
		44862F331FF8AC7000C268E9 /* firstViewController.xib */ = {isa = PBXFileReference; lastKnownFileType = file.xib; path = firstViewController.xib; sourceTree = "<group>"; };
/* End PBXFileReference section */

/* Begin PBXFrameworksBuildPhase section */
		44862EFE1FF8AC5200C268E9 /* Frameworks */ = {
			isa = PBXFrameworksBuildPhase;
			buildActionMask = 2147483647;
			files = (
			);
			runOnlyForDeploymentPostprocessing = 0;
		};
		44862F121FF8AC5200C268E9 /* Frameworks */ = {
			isa = PBXFrameworksBuildPhase;
			buildActionMask = 2147483647;
			files = (
			);
			runOnlyForDeploymentPostprocessing = 0;
		};
		44862F1D1FF8AC5300C268E9 /* Frameworks */ = {
			isa = PBXFrameworksBuildPhase;
			buildActionMask = 2147483647;
			files = (
			);
			runOnlyForDeploymentPostprocessing = 0;
		};
/* End PBXFrameworksBuildPhase section */

/* Begin PBXGroup section */
		44862EF81FF8AC5200C268E9 = {
			isa = PBXGroup;
			children = (
				44862F031FF8AC5200C268E9 /* QnD_xib */,
				44862F181FF8AC5200C268E9 /* QnD_xibTests */,
				44862F231FF8AC5300C268E9 /* QnD_xibUITests */,
				44862F021FF8AC5200C268E9 /* Products */,
			);
			sourceTree = "<group>";
		};
		44862F021FF8AC5200C268E9 /* Products */ = {
			isa = PBXGroup;
			children = (
				44862F011FF8AC5200C268E9 /* QnD_xib.app */,
				44862F151FF8AC5200C268E9 /* QnD_xibTests.xctest */,
				44862F201FF8AC5300C268E9 /* QnD_xibUITests.xctest */,
			);
			name = Products;
			sourceTree = "<group>";
		};
		44862F031FF8AC5200C268E9 /* QnD_xib */ = {
			isa = PBXGroup;
			children = (
				44862F041FF8AC5200C268E9 /* AppDelegate.swift */,
				44862F061FF8AC5200C268E9 /* ViewController.swift */,
				44862F321FF8AC7000C268E9 /* firstViewController.swift */,
				44862F331FF8AC7000C268E9 /* firstViewController.xib */,
				44862F0B1FF8AC5200C268E9 /* Assets.xcassets */,
				44862F0D1FF8AC5200C268E9 /* LaunchScreen.storyboard */,
				44862F101FF8AC5200C268E9 /* Info.plist */,
			);
			path = QnD_xib;
			sourceTree = "<group>";
		};
		44862F181FF8AC5200C268E9 /* QnD_xibTests */ = {
			isa = PBXGroup;
			children = (
				44862F191FF8AC5200C268E9 /* QnD_xibTests.swift */,
				44862F1B1FF8AC5200C268E9 /* Info.plist */,
			);
			path = QnD_xibTests;
			sourceTree = "<group>";
		};
		44862F231FF8AC5300C268E9 /* QnD_xibUITests */ = {
			isa = PBXGroup;
			children = (
				44862F241FF8AC5300C268E9 /* QnD_xibUITests.swift */,
				44862F261FF8AC5300C268E9 /* Info.plist */,
			);
			path = QnD_xibUITests;
			sourceTree = "<group>";
		};
/* End PBXGroup section */

/* Begin PBXNativeTarget section */
		44862F001FF8AC5200C268E9 /* QnD_xib */ = {
			isa = PBXNativeTarget;
			buildConfigurationList = 44862F291FF8AC5300C268E9 /* Build configuration list for PBXNativeTarget "QnD_xib" */;
			buildPhases = (
				44862EFD1FF8AC5200C268E9 /* Sources */,
				44862EFE1FF8AC5200C268E9 /* Frameworks */,
				44862EFF1FF8AC5200C268E9 /* Resources */,
			);
			buildRules = (
			);
			dependencies = (
			);
			name = QnD_xib;
			productName = QnD_xib;
			productReference = 44862F011FF8AC5200C268E9 /* QnD_xib.app */;
			productType = "com.apple.product-type.application";
		};
		44862F141FF8AC5200C268E9 /* QnD_xibTests */ = {
			isa = PBXNativeTarget;
			buildConfigurationList = 44862F2C1FF8AC5300C268E9 /* Build configuration list for PBXNativeTarget "QnD_xibTests" */;
			buildPhases = (
				44862F111FF8AC5200C268E9 /* Sources */,
				44862F121FF8AC5200C268E9 /* Frameworks */,
				44862F131FF8AC5200C268E9 /* Resources */,
			);
			buildRules = (
			);
			dependencies = (
				44862F171FF8AC5200C268E9 /* PBXTargetDependency */,
			);
			name = QnD_xibTests;
			productName = QnD_xibTests;
			productReference = 44862F151FF8AC5200C268E9 /* QnD_xibTests.xctest */;
			productType = "com.apple.product-type.bundle.unit-test";
		};
		44862F1F1FF8AC5300C268E9 /* QnD_xibUITests */ = {
			isa = PBXNativeTarget;
			buildConfigurationList = 44862F2F1FF8AC5300C268E9 /* Build configuration list for PBXNativeTarget "QnD_xibUITests" */;
			buildPhases = (
				44862F1C1FF8AC5300C268E9 /* Sources */,
				44862F1D1FF8AC5300C268E9 /* Frameworks */,
				44862F1E1FF8AC5300C268E9 /* Resources */,
			);
			buildRules = (
			);
			dependencies = (
				44862F221FF8AC5300C268E9 /* PBXTargetDependency */,
			);
			name = QnD_xibUITests;
			productName = QnD_xibUITests;
			productReference = 44862F201FF8AC5300C268E9 /* QnD_xibUITests.xctest */;
			productType = "com.apple.product-type.bundle.ui-testing";
		};
/* End PBXNativeTarget section */

/* Begin PBXProject section */
		44862EF91FF8AC5200C268E9 /* Project object */ = {
			isa = PBXProject;
			attributes = {
				LastSwiftUpdateCheck = 0920;
				LastUpgradeCheck = 0920;
				TargetAttributes = {
					44862F001FF8AC5200C268E9 = {
						CreatedOnToolsVersion = 9.2;
						ProvisioningStyle = Automatic;
					};
					44862F141FF8AC5200C268E9 = {
						CreatedOnToolsVersion = 9.2;
						ProvisioningStyle = Automatic;
						TestTargetID = 44862F001FF8AC5200C268E9;
					};
					44862F1F1FF8AC5300C268E9 = {
						CreatedOnToolsVersion = 9.2;
						ProvisioningStyle = Automatic;
						TestTargetID = 44862F001FF8AC5200C268E9;
					};
				};
			};
			buildConfigurationList = 44862EFC1FF8AC5200C268E9 /* Build configuration list for PBXProject "QnD_xib" */;
			compatibilityVersion = "Xcode 8.0";
			developmentRegion = en;
			hasScannedForEncodings = 0;
			knownRegions = (
				en,
				Base,
			);
			mainGroup = 44862EF81FF8AC5200C268E9;
			productRefGroup = 44862F021FF8AC5200C268E9 /* Products */;
			projectDirPath = "";
			projectRoot = "";
			targets = (
				44862F001FF8AC5200C268E9 /* QnD_xib */,
				44862F141FF8AC5200C268E9 /* QnD_xibTests */,
				44862F1F1FF8AC5300C268E9 /* QnD_xibUITests */,
			);
		};
/* End PBXProject section */

/* Begin PBXResourcesBuildPhase section */
		44862EFF1FF8AC5200C268E9 /* Resources */ = {
			isa = PBXResourcesBuildPhase;
			buildActionMask = 2147483647;
			files = (
				44862F0F1FF8AC5200C268E9 /* LaunchScreen.storyboard in Resources */,
				44862F0C1FF8AC5200C268E9 /* Assets.xcassets in Resources */,
				44862F351FF8AC7000C268E9 /* firstViewController.xib in Resources */,
			);
			runOnlyForDeploymentPostprocessing = 0;
		};
		44862F131FF8AC5200C268E9 /* Resources */ = {
			isa = PBXResourcesBuildPhase;
			buildActionMask = 2147483647;
			files = (
			);
			runOnlyForDeploymentPostprocessing = 0;
		};
		44862F1E1FF8AC5300C268E9 /* Resources */ = {
			isa = PBXResourcesBuildPhase;
			buildActionMask = 2147483647;
			files = (
			);
			runOnlyForDeploymentPostprocessing = 0;
		};
/* End PBXResourcesBuildPhase section */

/* Begin PBXSourcesBuildPhase section */
		44862EFD1FF8AC5200C268E9 /* Sources */ = {
			isa = PBXSourcesBuildPhase;
			buildActionMask = 2147483647;
			files = (
				44862F071FF8AC5200C268E9 /* ViewController.swift in Sources */,
				44862F051FF8AC5200C268E9 /* AppDelegate.swift in Sources */,
				44862F341FF8AC7000C268E9 /* firstViewController.swift in Sources */,
			);
			runOnlyForDeploymentPostprocessing = 0;
		};
		44862F111FF8AC5200C268E9 /* Sources */ = {
			isa = PBXSourcesBuildPhase;
			buildActionMask = 2147483647;
			files = (
				44862F1A1FF8AC5200C268E9 /* QnD_xibTests.swift in Sources */,
			);
			runOnlyForDeploymentPostprocessing = 0;
		};
		44862F1C1FF8AC5300C268E9 /* Sources */ = {
			isa = PBXSourcesBuildPhase;
			buildActionMask = 2147483647;
			files = (
				44862F251FF8AC5300C268E9 /* QnD_xibUITests.swift in Sources */,
			);
			runOnlyForDeploymentPostprocessing = 0;
		};
/* End PBXSourcesBuildPhase section */

/* Begin PBXTargetDependency section */
		44862F171FF8AC5200C268E9 /* PBXTargetDependency */ = {
			isa = PBXTargetDependency;
			target = 44862F001FF8AC5200C268E9 /* QnD_xib */;
			targetProxy = 44862F161FF8AC5200C268E9 /* PBXContainerItemProxy */;
		};
		44862F221FF8AC5300C268E9 /* PBXTargetDependency */ = {
			isa = PBXTargetDependency;
			target = 44862F001FF8AC5200C268E9 /* QnD_xib */;
			targetProxy = 44862F211FF8AC5300C268E9 /* PBXContainerItemProxy */;
		};
/* End PBXTargetDependency section */

/* Begin PBXVariantGroup section */
		44862F0D1FF8AC5200C268E9 /* LaunchScreen.storyboard */ = {
			isa = PBXVariantGroup;
			children = (
				44862F0E1FF8AC5200C268E9 /* Base */,
			);
			name = LaunchScreen.storyboard;
			sourceTree = "<group>";
		};
/* End PBXVariantGroup section */

/* Begin XCBuildConfiguration section */
		44862F271FF8AC5300C268E9 /* Debug */ = {
			isa = XCBuildConfiguration;
			buildSettings = {
				ALWAYS_SEARCH_USER_PATHS = NO;
				CLANG_ANALYZER_NONNULL = YES;
				CLANG_ANALYZER_NUMBER_OBJECT_CONVERSION = YES_AGGRESSIVE;
				CLANG_CXX_LANGUAGE_STANDARD = "gnu++14";
				CLANG_CXX_LIBRARY = "libc++";
				CLANG_ENABLE_MODULES = YES;
				CLANG_ENABLE_OBJC_ARC = YES;
				CLANG_WARN_BLOCK_CAPTURE_AUTORELEASING = YES;
				CLANG_WARN_BOOL_CONVERSION = YES;
				CLANG_WARN_COMMA = YES;
				CLANG_WARN_CONSTANT_CONVERSION = YES;
				CLANG_WARN_DIRECT_OBJC_ISA_USAGE = YES_ERROR;
				CLANG_WARN_DOCUMENTATION_COMMENTS = YES;
				CLANG_WARN_EMPTY_BODY = YES;
				CLANG_WARN_ENUM_CONVERSION = YES;
				CLANG_WARN_INFINITE_RECURSION = YES;
				CLANG_WARN_INT_CONVERSION = YES;
				CLANG_WARN_NON_LITERAL_NULL_CONVERSION = YES;
				CLANG_WARN_OBJC_LITERAL_CONVERSION = YES;
				CLANG_WARN_OBJC_ROOT_CLASS = YES_ERROR;
				CLANG_WARN_RANGE_LOOP_ANALYSIS = YES;
				CLANG_WARN_STRICT_PROTOTYPES = YES;
				CLANG_WARN_SUSPICIOUS_MOVE = YES;
				CLANG_WARN_UNGUARDED_AVAILABILITY = YES_AGGRESSIVE;
				CLANG_WARN_UNREACHABLE_CODE = YES;
				CLANG_WARN__DUPLICATE_METHOD_MATCH = YES;
				CODE_SIGN_IDENTITY = "iPhone Developer";
				COPY_PHASE_STRIP = NO;
				DEBUG_INFORMATION_FORMAT = dwarf;
				ENABLE_STRICT_OBJC_MSGSEND = YES;
				ENABLE_TESTABILITY = YES;
				GCC_C_LANGUAGE_STANDARD = gnu11;
				GCC_DYNAMIC_NO_PIC = NO;
				GCC_NO_COMMON_BLOCKS = YES;
				GCC_OPTIMIZATION_LEVEL = 0;
				GCC_PREPROCESSOR_DEFINITIONS = (
					"DEBUG=1",
					"$(inherited)",
				);
				GCC_WARN_64_TO_32_BIT_CONVERSION = YES;
				GCC_WARN_ABOUT_RETURN_TYPE = YES_ERROR;
				GCC_WARN_UNDECLARED_SELECTOR = YES;
				GCC_WARN_UNINITIALIZED_AUTOS = YES_AGGRESSIVE;
				GCC_WARN_UNUSED_FUNCTION = YES;
				GCC_WARN_UNUSED_VARIABLE = YES;
				IPHONEOS_DEPLOYMENT_TARGET = 11.2;
				MTL_ENABLE_DEBUG_INFO = YES;
				ONLY_ACTIVE_ARCH = YES;
				SDKROOT = iphoneos;
				SWIFT_ACTIVE_COMPILATION_CONDITIONS = DEBUG;
				SWIFT_OPTIMIZATION_LEVEL = "-Onone";
			};
			name = Debug;
		};
		44862F281FF8AC5300C268E9 /* Release */ = {
			isa = XCBuildConfiguration;
			buildSettings = {
				ALWAYS_SEARCH_USER_PATHS = NO;
				CLANG_ANALYZER_NONNULL = YES;
				CLANG_ANALYZER_NUMBER_OBJECT_CONVERSION = YES_AGGRESSIVE;
				CLANG_CXX_LANGUAGE_STANDARD = "gnu++14";
				CLANG_CXX_LIBRARY = "libc++";
				CLANG_ENABLE_MODULES = YES;
				CLANG_ENABLE_OBJC_ARC = YES;
				CLANG_WARN_BLOCK_CAPTURE_AUTORELEASING = YES;
				CLANG_WARN_BOOL_CONVERSION = YES;
				CLANG_WARN_COMMA = YES;
				CLANG_WARN_CONSTANT_CONVERSION = YES;
				CLANG_WARN_DIRECT_OBJC_ISA_USAGE = YES_ERROR;
				CLANG_WARN_DOCUMENTATION_COMMENTS = YES;
				CLANG_WARN_EMPTY_BODY = YES;
				CLANG_WARN_ENUM_CONVERSION = YES;
				CLANG_WARN_INFINITE_RECURSION = YES;
				CLANG_WARN_INT_CONVERSION = YES;
				CLANG_WARN_NON_LITERAL_NULL_CONVERSION = YES;
				CLANG_WARN_OBJC_LITERAL_CONVERSION = YES;
				CLANG_WARN_OBJC_ROOT_CLASS = YES_ERROR;
				CLANG_WARN_RANGE_LOOP_ANALYSIS = YES;
				CLANG_WARN_STRICT_PROTOTYPES = YES;
				CLANG_WARN_SUSPICIOUS_MOVE = YES;
				CLANG_WARN_UNGUARDED_AVAILABILITY = YES_AGGRESSIVE;
				CLANG_WARN_UNREACHABLE_CODE = YES;
				CLANG_WARN__DUPLICATE_METHOD_MATCH = YES;
				CODE_SIGN_IDENTITY = "iPhone Developer";
				COPY_PHASE_STRIP = NO;
				DEBUG_INFORMATION_FORMAT = "dwarf-with-dsym";
				ENABLE_NS_ASSERTIONS = NO;
				ENABLE_STRICT_OBJC_MSGSEND = YES;
				GCC_C_LANGUAGE_STANDARD = gnu11;
				GCC_NO_COMMON_BLOCKS = YES;
				GCC_WARN_64_TO_32_BIT_CONVERSION = YES;
				GCC_WARN_ABOUT_RETURN_TYPE = YES_ERROR;
				GCC_WARN_UNDECLARED_SELECTOR = YES;
				GCC_WARN_UNINITIALIZED_AUTOS = YES_AGGRESSIVE;
				GCC_WARN_UNUSED_FUNCTION = YES;
				GCC_WARN_UNUSED_VARIABLE = YES;
				IPHONEOS_DEPLOYMENT_TARGET = 11.2;
				MTL_ENABLE_DEBUG_INFO = NO;
				SDKROOT = iphoneos;
				SWIFT_OPTIMIZATION_LEVEL = "-Owholemodule";
				VALIDATE_PRODUCT = YES;
			};
			name = Release;
		};
		44862F2A1FF8AC5300C268E9 /* Debug */ = {
			isa = XCBuildConfiguration;
			buildSettings = {
				ASSETCATALOG_COMPILER_APPICON_NAME = AppIcon;
				CODE_SIGN_STYLE = Automatic;
				INFOPLIST_FILE = QnD_xib/Info.plist;
				LD_RUNPATH_SEARCH_PATHS = "$(inherited) @executable_path/Frameworks";
				PRODUCT_BUNDLE_IDENTIFIER = "mycode7.QnD-xib";
				PRODUCT_NAME = "$(TARGET_NAME)";
				SWIFT_VERSION = 4.0;
				TARGETED_DEVICE_FAMILY = "1,2";
			};
			name = Debug;
		};
		44862F2B1FF8AC5300C268E9 /* Release */ = {
			isa = XCBuildConfiguration;
			buildSettings = {
				ASSETCATALOG_COMPILER_APPICON_NAME = AppIcon;
				CODE_SIGN_STYLE = Automatic;
				INFOPLIST_FILE = QnD_xib/Info.plist;
				LD_RUNPATH_SEARCH_PATHS = "$(inherited) @executable_path/Frameworks";
				PRODUCT_BUNDLE_IDENTIFIER = "mycode7.QnD-xib";
				PRODUCT_NAME = "$(TARGET_NAME)";
				SWIFT_VERSION = 4.0;
				TARGETED_DEVICE_FAMILY = "1,2";
			};
			name = Release;
		};
		44862F2D1FF8AC5300C268E9 /* Debug */ = {
			isa = XCBuildConfiguration;
			buildSettings = {
				ALWAYS_EMBED_SWIFT_STANDARD_LIBRARIES = YES;
				BUNDLE_LOADER = "$(TEST_HOST)";
				CODE_SIGN_STYLE = Automatic;
				INFOPLIST_FILE = QnD_xibTests/Info.plist;
				LD_RUNPATH_SEARCH_PATHS = "$(inherited) @executable_path/Frameworks @loader_path/Frameworks";
				PRODUCT_BUNDLE_IDENTIFIER = "mycode7.QnD-xibTests";
				PRODUCT_NAME = "$(TARGET_NAME)";
				SWIFT_VERSION = 4.0;
				TARGETED_DEVICE_FAMILY = "1,2";
				TEST_HOST = "$(BUILT_PRODUCTS_DIR)/QnD_xib.app/QnD_xib";
			};
			name = Debug;
		};
		44862F2E1FF8AC5300C268E9 /* Release */ = {
			isa = XCBuildConfiguration;
			buildSettings = {
				ALWAYS_EMBED_SWIFT_STANDARD_LIBRARIES = YES;
				BUNDLE_LOADER = "$(TEST_HOST)";
				CODE_SIGN_STYLE = Automatic;
				INFOPLIST_FILE = QnD_xibTests/Info.plist;
				LD_RUNPATH_SEARCH_PATHS = "$(inherited) @executable_path/Frameworks @loader_path/Frameworks";
				PRODUCT_BUNDLE_IDENTIFIER = "mycode7.QnD-xibTests";
				PRODUCT_NAME = "$(TARGET_NAME)";
				SWIFT_VERSION = 4.0;
				TARGETED_DEVICE_FAMILY = "1,2";
				TEST_HOST = "$(BUILT_PRODUCTS_DIR)/QnD_xib.app/QnD_xib";
			};
			name = Release;
		};
		44862F301FF8AC5300C268E9 /* Debug */ = {
			isa = XCBuildConfiguration;
			buildSettings = {
				ALWAYS_EMBED_SWIFT_STANDARD_LIBRARIES = YES;
				CODE_SIGN_STYLE = Automatic;
				INFOPLIST_FILE = QnD_xibUITests/Info.plist;
				LD_RUNPATH_SEARCH_PATHS = "$(inherited) @executable_path/Frameworks @loader_path/Frameworks";
				PRODUCT_BUNDLE_IDENTIFIER = "mycode7.QnD-xibUITests";
				PRODUCT_NAME = "$(TARGET_NAME)";
				SWIFT_VERSION = 4.0;
				TARGETED_DEVICE_FAMILY = "1,2";
				TEST_TARGET_NAME = QnD_xib;
			};
			name = Debug;
		};
		44862F311FF8AC5300C268E9 /* Release */ = {
			isa = XCBuildConfiguration;
			buildSettings = {
				ALWAYS_EMBED_SWIFT_STANDARD_LIBRARIES = YES;
				CODE_SIGN_STYLE = Automatic;
				INFOPLIST_FILE = QnD_xibUITests/Info.plist;
				LD_RUNPATH_SEARCH_PATHS = "$(inherited) @executable_path/Frameworks @loader_path/Frameworks";
				PRODUCT_BUNDLE_IDENTIFIER = "mycode7.QnD-xibUITests";
				PRODUCT_NAME = "$(TARGET_NAME)";
				SWIFT_VERSION = 4.0;
				TARGETED_DEVICE_FAMILY = "1,2";
				TEST_TARGET_NAME = QnD_xib;
			};
			name = Release;
		};
/* End XCBuildConfiguration section */

/* Begin XCConfigurationList section */
		44862EFC1FF8AC5200C268E9 /* Build configuration list for PBXProject "QnD_xib" */ = {
			isa = XCConfigurationList;
			buildConfigurations = (
				44862F271FF8AC5300C268E9 /* Debug */,
				44862F281FF8AC5300C268E9 /* Release */,
			);
			defaultConfigurationIsVisible = 0;
			defaultConfigurationName = Release;
		};
		44862F291FF8AC5300C268E9 /* Build configuration list for PBXNativeTarget "QnD_xib" */ = {
			isa = XCConfigurationList;
			buildConfigurations = (
				44862F2A1FF8AC5300C268E9 /* Debug */,
				44862F2B1FF8AC5300C268E9 /* Release */,
			);
			defaultConfigurationIsVisible = 0;
			defaultConfigurationName = Release;
		};
		44862F2C1FF8AC5300C268E9 /* Build configuration list for PBXNativeTarget "QnD_xibTests" */ = {
			isa = XCConfigurationList;
			buildConfigurations = (
				44862F2D1FF8AC5300C268E9 /* Debug */,
				44862F2E1FF8AC5300C268E9 /* Release */,
			);
			defaultConfigurationIsVisible = 0;
			defaultConfigurationName = Release;
		};
		44862F2F1FF8AC5300C268E9 /* Build configuration list for PBXNativeTarget "QnD_xibUITests" */ = {
			isa = XCConfigurationList;
			buildConfigurations = (
				44862F301FF8AC5300C268E9 /* Debug */,
				44862F311FF8AC5300C268E9 /* Release */,
			);
			defaultConfigurationIsVisible = 0;
			defaultConfigurationName = Release;
		};
/* End XCConfigurationList section */
	};
	rootObject = 44862EF91FF8AC5200C268E9 /* Project object */;
}
